{
  "object": {
    "pins": [
      {
        "package": "ListPagination",
        "repositoryURL": "https://github.com/crelies/ListPagination",
        "state": {
          "branch": null,
          "revision": "1557cfe6508f5ea7361dbec8be6d27a2392a4015",
          "version": "0.1.0"
        }
      }
    ]
  },
  "version": 1
}
